
Microsoft Visual Studio Solution File, Format Version 12.00
# Visual Studio Version 17
VisualStudioVersion = 17.0.31903.59
MinimumVisualStudioVersion = 10.0.40219.1
Project("{9A19103F-16F7-4668-BE54-9A1E7A4F7556}") = "SampleAPI.FastEndpoints", "src\SampleAPI.FastEndpoints\SampleAPI.FastEndpoints.csproj", "{993273A7-E361-47F6-BAAC-D17F2E8062C1}"
EndProject
Global
	GlobalSection(SolutionConfigurationPlatforms) = preSolution
		Debug|Any CPU = Debug|Any CPU
		Release|Any CPU = Release|Any CPU
	EndGlobalSection
	GlobalSection(ProjectConfigurationPlatforms) = postSolution
		{993273A7-E361-47F6-BAAC-D17F2E8062C1}.Debug|Any CPU.ActiveCfg = Debug|Any CPU
		{993273A7-E361-47F6-BAAC-D17F2E8062C1}.Debug|Any CPU.Build.0 = Debug|Any CPU
		{993273A7-E361-47F6-BAAC-D17F2E8062C1}.Release|Any CPU.ActiveCfg = Release|Any CPU
		{993273A7-E361-47F6-BAAC-D17F2E8062C1}.Release|Any CPU.Build.0 = Release|Any CPU
	EndGlobalSection
	GlobalSection(SolutionProperties) = preSolution
		HideSolutionNode = FALSE
	EndGlobalSection
	GlobalSection(ExtensibilityGlobals) = postSolution
		SolutionGuid = {B05614CB-B58E-4668-973C-ED89405D5BC5}
	EndGlobalSection
EndGlobal
